
Microsoft Visual Studio Solution File, Format Version 12.00
# Visual Studio 14
VisualStudioVersion = 14.0.25420.1
MinimumVisualStudioVersion = 10.0.40219.1
Project("{6141683F-8A12-4E36-9623-2EB02B2C2303}") = "POSMobile", "POSMobile\POSMobile.isproj", "{7ADD5434-73CA-46EC-8473-785578BD797E}"
EndProject
Global
	GlobalSection(SolutionConfigurationPlatforms) = preSolution
		CD_ROM|Default = CD_ROM|Default
		DVD-5|Default = DVD-5|Default
		SingleImage|Default = SingleImage|Default
	EndGlobalSection
	GlobalSection(ProjectConfigurationPlatforms) = postSolution
		{7ADD5434-73CA-46EC-8473-785578BD797E}.CD_ROM|Default.ActiveCfg = CD_ROM
		{7ADD5434-73CA-46EC-8473-785578BD797E}.CD_ROM|Default.Build.0 = CD_ROM
		{7ADD5434-73CA-46EC-8473-785578BD797E}.DVD-5|Default.ActiveCfg = DVD-5
		{7ADD5434-73CA-46EC-8473-785578BD797E}.DVD-5|Default.Build.0 = DVD-5
		{7ADD5434-73CA-46EC-8473-785578BD797E}.SingleImage|Default.ActiveCfg = SingleImage
		{7ADD5434-73CA-46EC-8473-785578BD797E}.SingleImage|Default.Build.0 = SingleImage
	EndGlobalSection
	GlobalSection(SolutionProperties) = preSolution
		HideSolutionNode = FALSE
	EndGlobalSection
EndGlobal
